{
  "name": "New folder",
  "lockfileVersion": 3,
  "requires": true,
  "packages": {
    "": {
      "devDependencies": {
        "@types/pdfkit": "^0.17.5"
      }
    },
    "node_modules/@types/node": {
      "version": "25.3.1",
      "resolved": "https://registry.npmjs.org/@types/node/-/node-25.3.1.tgz",
      "integrity": "sha512-hj9YIJimBCipHVfHKRMnvmHg+wfhKc0o4mTtXh9pKBjC8TLJzz0nzGmLi5UJsYAUgSvXFHgb0V2oY10DUFtImw==",
      "dev": true,
      "license": "MIT",
      "dependencies": {
        "undici-types": "~7.18.0"
      }
    },
    "node_modules/@types/pdfkit": {
      "version": "0.17.5",
      "resolved": "https://registry.npmjs.org/@types/pdfkit/-/pdfkit-0.17.5.tgz",
      "integrity": "sha512-T3ZHnvF91HsEco5ClhBCOuBwobZfPcI2jaiSHybkkKYq4KhVIIurod94JVKvDIG0JXT6o3KiERC0X0//m8dyrg==",
      "dev": true,
      "license": "MIT",
      "dependencies": {
        "@types/node": "*"
      }
    },
    "node_modules/undici-types": {
      "version": "7.18.2",
      "resolved": "https://registry.npmjs.org/undici-types/-/undici-types-7.18.2.tgz",
      "integrity": "sha512-AsuCzffGHJybSaRrmr5eHr81mwJU3kjw6M+uprWvCXiNeN9SOGwQ3Jn8jb8m3Z6izVgknn1R0FTCEAP2QrLY/w==",
      "dev": true,
      "license": "MIT"
    }
  }
}
